
Microsoft Visual Studio Solution File, Format Version 11.00
# Visual Studio 2010
Project("{8BC9CEB8-8B4A-11D0-8D11-00A0C91BC942}") = "ham_driver_graph", "ham_driver_graph.vcproj", "{3CB31634-D3A4-48CA-97AA-4CEA6DB44C7F}"
EndProject
Global
	GlobalSection(SolutionConfigurationPlatforms) = preSolution
		Debug|Itanium = Debug|Itanium
		Debug|Win32 = Debug|Win32
		Debug|x64 = Debug|x64
		Release|Itanium = Release|Itanium
		Release|Win32 = Release|Win32
		Release|x64 = Release|x64
	EndGlobalSection
	GlobalSection(ProjectConfigurationPlatforms) = postSolution
		{3CB31634-D3A4-48CA-97AA-4CEA6DB44C7F}.Debug|Itanium.ActiveCfg = Debug|Itanium
		{3CB31634-D3A4-48CA-97AA-4CEA6DB44C7F}.Debug|Itanium.Build.0 = Debug|Itanium
		{3CB31634-D3A4-48CA-97AA-4CEA6DB44C7F}.Debug|Win32.ActiveCfg = Debug|Win32
		{3CB31634-D3A4-48CA-97AA-4CEA6DB44C7F}.Debug|Win32.Build.0 = Debug|Win32
		{3CB31634-D3A4-48CA-97AA-4CEA6DB44C7F}.Debug|x64.ActiveCfg = Debug|x64
		{3CB31634-D3A4-48CA-97AA-4CEA6DB44C7F}.Debug|x64.Build.0 = Debug|x64
		{3CB31634-D3A4-48CA-97AA-4CEA6DB44C7F}.Release|Itanium.ActiveCfg = Release|Itanium
		{3CB31634-D3A4-48CA-97AA-4CEA6DB44C7F}.Release|Itanium.Build.0 = Release|Itanium
		{3CB31634-D3A4-48CA-97AA-4CEA6DB44C7F}.Release|Win32.ActiveCfg = Release|Win32
		{3CB31634-D3A4-48CA-97AA-4CEA6DB44C7F}.Release|Win32.Build.0 = Release|Win32
		{3CB31634-D3A4-48CA-97AA-4CEA6DB44C7F}.Release|x64.ActiveCfg = Release|x64
		{3CB31634-D3A4-48CA-97AA-4CEA6DB44C7F}.Release|x64.Build.0 = Release|x64
	EndGlobalSection
	GlobalSection(SolutionProperties) = preSolution
		HideSolutionNode = FALSE
	EndGlobalSection
EndGlobal
